
Microsoft Visual Studio Solution File, Format Version 12.00
# Visual Studio Version 17
VisualStudioVersion = 17.14.36310.24 d17.14
MinimumVisualStudioVersion = 10.0.40219.1
Project("{FAE04EC0-301F-11D3-BF4B-00C04F79EFBC}") = "navigation", "navigation\navigation.csproj", "{37DDDB57-6315-4E49-833D-A344A795554A}"
EndProject
Global
	GlobalSection(SolutionConfigurationPlatforms) = preSolution
		Debug|Any CPU = Debug|Any CPU
		Release|Any CPU = Release|Any CPU
	EndGlobalSection
	GlobalSection(ProjectConfigurationPlatforms) = postSolution
		{37DDDB57-6315-4E49-833D-A344A795554A}.Debug|Any CPU.ActiveCfg = Debug|Any CPU
		{37DDDB57-6315-4E49-833D-A344A795554A}.Debug|Any CPU.Build.0 = Debug|Any CPU
		{37DDDB57-6315-4E49-833D-A344A795554A}.Release|Any CPU.ActiveCfg = Release|Any CPU
		{37DDDB57-6315-4E49-833D-A344A795554A}.Release|Any CPU.Build.0 = Release|Any CPU
	EndGlobalSection
	GlobalSection(SolutionProperties) = preSolution
		HideSolutionNode = FALSE
	EndGlobalSection
	GlobalSection(ExtensibilityGlobals) = postSolution
		SolutionGuid = {72AAB460-7727-462B-8FCC-79854AFA19C5}
	EndGlobalSection
EndGlobal
